
Microsoft Visual Studio Solution File, Format Version 12.00
# Visual Studio Version 17
VisualStudioVersion = 17.0.31903.59
MinimumVisualStudioVersion = 10.0.40219.1
Project("{2150E333-8FDC-42A3-9474-1A3956D46DE8}") = "src", "src", "{827E0CD3-B72D-47B6-A68D-7590B98EB39B}"
EndProject
Project("{FAE04EC0-301F-11D3-BF4B-00C04F79EFBC}") = "SnapToTable.Application", "src\SnapToTable.Application\SnapToTable.Application.csproj", "{FCE3B4C3-F6CE-4CA7-A1B2-CF1E39CE3449}"
EndProject
Project("{FAE04EC0-301F-11D3-BF4B-00C04F79EFBC}") = "SnapToTable.API", "src\SnapToTable.API\SnapToTable.API.csproj", "{364E802F-7997-430C-834B-D4A98EBB96CB}"
EndProject
Project("{FAE04EC0-301F-11D3-BF4B-00C04F79EFBC}") = "SnapToTable.Domain", "src\SnapToTable.Domain\SnapToTable.Domain.csproj", "{EDB17ADB-9E90-41A9-BF47-807A60E5D65C}"
EndProject
Project("{FAE04EC0-301F-11D3-BF4B-00C04F79EFBC}") = "SnapToTable.Infrastructure", "src\SnapToTable.Infrastructure\SnapToTable.Infrastructure.csproj", "{B486136C-0846-4702-B768-5B611F54BE28}"
EndProject
Project("{2150E333-8FDC-42A3-9474-1A3956D46DE8}") = "tests", "tests", "{0AB3BF05-4346-4AA6-1389-037BE0695223}"
EndProject
Project("{FAE04EC0-301F-11D3-BF4B-00C04F79EFBC}") = "SnapToTable.API.IntegrationTests", "tests\SnapToTable.API.IntegrationTests\SnapToTable.API.IntegrationTests.csproj", "{A234FD7C-CA62-4FED-A2A0-4F4706D4B5BF}"
EndProject
Project("{FAE04EC0-301F-11D3-BF4B-00C04F79EFBC}") = "SnapToTable.Application.UnitTests", "tests\SnapToTable.Application.UnitTests\SnapToTable.Application.UnitTests.csproj", "{80FF4F77-006F-47B1-9877-622346E0DC4C}"
EndProject
Project("{FAE04EC0-301F-11D3-BF4B-00C04F79EFBC}") = "SnapToTable.Domain.UnitTests", "tests\SnapToTable.Domain.UnitTests\SnapToTable.Domain.UnitTests.csproj", "{1589E5E3-7D29-4302-9FD3-6B66E19FF6F8}"
EndProject
Project("{FAE04EC0-301F-11D3-BF4B-00C04F79EFBC}") = "SnapToTable.Infrastructure.IntegrationTests", "tests\SnapToTable.Infrastructure.IntegrationTests\SnapToTable.Infrastructure.IntegrationTests.csproj", "{8B6D45C2-80B9-4ADD-A888-D2EA45CA7AC3}"
EndProject
Global
	GlobalSection(SolutionConfigurationPlatforms) = preSolution
		Debug|Any CPU = Debug|Any CPU
		Debug|x64 = Debug|x64
		Debug|x86 = Debug|x86
		Release|Any CPU = Release|Any CPU
		Release|x64 = Release|x64
		Release|x86 = Release|x86
	EndGlobalSection
	GlobalSection(ProjectConfigurationPlatforms) = postSolution
		{FCE3B4C3-F6CE-4CA7-A1B2-CF1E39CE3449}.Debug|Any CPU.ActiveCfg = Debug|Any CPU
		{FCE3B4C3-F6CE-4CA7-A1B2-CF1E39CE3449}.Debug|Any CPU.Build.0 = Debug|Any CPU
		{FCE3B4C3-F6CE-4CA7-A1B2-CF1E39CE3449}.Debug|x64.ActiveCfg = Debug|Any CPU
		{FCE3B4C3-F6CE-4CA7-A1B2-CF1E39CE3449}.Debug|x64.Build.0 = Debug|Any CPU
		{FCE3B4C3-F6CE-4CA7-A1B2-CF1E39CE3449}.Debug|x86.ActiveCfg = Debug|Any CPU
		{FCE3B4C3-F6CE-4CA7-A1B2-CF1E39CE3449}.Debug|x86.Build.0 = Debug|Any CPU
		{FCE3B4C3-F6CE-4CA7-A1B2-CF1E39CE3449}.Release|Any CPU.ActiveCfg = Release|Any CPU
		{FCE3B4C3-F6CE-4CA7-A1B2-CF1E39CE3449}.Release|Any CPU.Build.0 = Release|Any CPU
		{FCE3B4C3-F6CE-4CA7-A1B2-CF1E39CE3449}.Release|x64.ActiveCfg = Release|Any CPU
		{FCE3B4C3-F6CE-4CA7-A1B2-CF1E39CE3449}.Release|x64.Build.0 = Release|Any CPU
		{FCE3B4C3-F6CE-4CA7-A1B2-CF1E39CE3449}.Release|x86.ActiveCfg = Release|Any CPU
		{FCE3B4C3-F6CE-4CA7-A1B2-CF1E39CE3449}.Release|x86.Build.0 = Release|Any CPU
		{364E802F-7997-430C-834B-D4A98EBB96CB}.Debug|Any CPU.ActiveCfg = Debug|Any CPU
		{364E802F-7997-430C-834B-D4A98EBB96CB}.Debug|Any CPU.Build.0 = Debug|Any CPU
		{364E802F-7997-430C-834B-D4A98EBB96CB}.Debug|x64.ActiveCfg = Debug|Any CPU
		{364E802F-7997-430C-834B-D4A98EBB96CB}.Debug|x64.Build.0 = Debug|Any CPU
		{364E802F-7997-430C-834B-D4A98EBB96CB}.Debug|x86.ActiveCfg = Debug|Any CPU
		{364E802F-7997-430C-834B-D4A98EBB96CB}.Debug|x86.Build.0 = Debug|Any CPU
		{364E802F-7997-430C-834B-D4A98EBB96CB}.Release|Any CPU.ActiveCfg = Release|Any CPU
		{364E802F-7997-430C-834B-D4A98EBB96CB}.Release|Any CPU.Build.0 = Release|Any CPU
		{364E802F-7997-430C-834B-D4A98EBB96CB}.Release|x64.ActiveCfg = Release|Any CPU
		{364E802F-7997-430C-834B-D4A98EBB96CB}.Release|x64.Build.0 = Release|Any CPU
		{364E802F-7997-430C-834B-D4A98EBB96CB}.Release|x86.ActiveCfg = Release|Any CPU
		{364E802F-7997-430C-834B-D4A98EBB96CB}.Release|x86.Build.0 = Release|Any CPU
		{EDB17ADB-9E90-41A9-BF47-807A60E5D65C}.Debug|Any CPU.ActiveCfg = Debug|Any CPU
		{EDB17ADB-9E90-41A9-BF47-807A60E5D65C}.Debug|Any CPU.Build.0 = Debug|Any CPU
		{EDB17ADB-9E90-41A9-BF47-807A60E5D65C}.Debug|x64.ActiveCfg = Debug|Any CPU
		{EDB17ADB-9E90-41A9-BF47-807A60E5D65C}.Debug|x64.Build.0 = Debug|Any CPU
		{EDB17ADB-9E90-41A9-BF47-807A60E5D65C}.Debug|x86.ActiveCfg = Debug|Any CPU
		{EDB17ADB-9E90-41A9-BF47-807A60E5D65C}.Debug|x86.Build.0 = Debug|Any CPU
		{EDB17ADB-9E90-41A9-BF47-807A60E5D65C}.Release|Any CPU.ActiveCfg = Release|Any CPU
		{EDB17ADB-9E90-41A9-BF47-807A60E5D65C}.Release|Any CPU.Build.0 = Release|Any CPU
		{EDB17ADB-9E90-41A9-BF47-807A60E5D65C}.Release|x64.ActiveCfg = Release|Any CPU
		{EDB17ADB-9E90-41A9-BF47-807A60E5D65C}.Release|x64.Build.0 = Release|Any CPU
		{EDB17ADB-9E90-41A9-BF47-807A60E5D65C}.Release|x86.ActiveCfg = Release|Any CPU
		{EDB17ADB-9E90-41A9-BF47-807A60E5D65C}.Release|x86.Build.0 = Release|Any CPU
		{B486136C-0846-4702-B768-5B611F54BE28}.Debug|Any CPU.ActiveCfg = Debug|Any CPU
		{B486136C-0846-4702-B768-5B611F54BE28}.Debug|Any CPU.Build.0 = Debug|Any CPU
		{B486136C-0846-4702-B768-5B611F54BE28}.Debug|x64.ActiveCfg = Debug|Any CPU
		{B486136C-0846-4702-B768-5B611F54BE28}.Debug|x64.Build.0 = Debug|Any CPU
		{B486136C-0846-4702-B768-5B611F54BE28}.Debug|x86.ActiveCfg = Debug|Any CPU
		{B486136C-0846-4702-B768-5B611F54BE28}.Debug|x86.Build.0 = Debug|Any CPU
		{B486136C-0846-4702-B768-5B611F54BE28}.Release|Any CPU.ActiveCfg = Release|Any CPU
		{B486136C-0846-4702-B768-5B611F54BE28}.Release|Any CPU.Build.0 = Release|Any CPU
		{B486136C-0846-4702-B768-5B611F54BE28}.Release|x64.ActiveCfg = Release|Any CPU
		{B486136C-0846-4702-B768-5B611F54BE28}.Release|x64.Build.0 = Release|Any CPU
		{B486136C-0846-4702-B768-5B611F54BE28}.Release|x86.ActiveCfg = Release|Any CPU
		{B486136C-0846-4702-B768-5B611F54BE28}.Release|x86.Build.0 = Release|Any CPU
		{A234FD7C-CA62-4FED-A2A0-4F4706D4B5BF}.Debug|Any CPU.ActiveCfg = Debug|Any CPU
		{A234FD7C-CA62-4FED-A2A0-4F4706D4B5BF}.Debug|Any CPU.Build.0 = Debug|Any CPU
		{A234FD7C-CA62-4FED-A2A0-4F4706D4B5BF}.Debug|x64.ActiveCfg = Debug|Any CPU
		{A234FD7C-CA62-4FED-A2A0-4F4706D4B5BF}.Debug|x64.Build.0 = Debug|Any CPU
		{A234FD7C-CA62-4FED-A2A0-4F4706D4B5BF}.Debug|x86.ActiveCfg = Debug|Any CPU
		{A234FD7C-CA62-4FED-A2A0-4F4706D4B5BF}.Debug|x86.Build.0 = Debug|Any CPU
		{A234FD7C-CA62-4FED-A2A0-4F4706D4B5BF}.Release|Any CPU.ActiveCfg = Release|Any CPU
		{A234FD7C-CA62-4FED-A2A0-4F4706D4B5BF}.Release|Any CPU.Build.0 = Release|Any CPU
		{A234FD7C-CA62-4FED-A2A0-4F4706D4B5BF}.Release|x64.ActiveCfg = Release|Any CPU
		{A234FD7C-CA62-4FED-A2A0-4F4706D4B5BF}.Release|x64.Build.0 = Release|Any CPU
		{A234FD7C-CA62-4FED-A2A0-4F4706D4B5BF}.Release|x86.ActiveCfg = Release|Any CPU
		{A234FD7C-CA62-4FED-A2A0-4F4706D4B5BF}.Release|x86.Build.0 = Release|Any CPU
		{80FF4F77-006F-47B1-9877-622346E0DC4C}.Debug|Any CPU.ActiveCfg = Debug|Any CPU
		{80FF4F77-006F-47B1-9877-622346E0DC4C}.Debug|Any CPU.Build.0 = Debug|Any CPU
		{80FF4F77-006F-47B1-9877-622346E0DC4C}.Debug|x64.ActiveCfg = Debug|Any CPU
		{80FF4F77-006F-47B1-9877-622346E0DC4C}.Debug|x64.Build.0 = Debug|Any CPU
		{80FF4F77-006F-47B1-9877-622346E0DC4C}.Debug|x86.ActiveCfg = Debug|Any CPU
		{80FF4F77-006F-47B1-9877-622346E0DC4C}.Debug|x86.Build.0 = Debug|Any CPU
		{80FF4F77-006F-47B1-9877-622346E0DC4C}.Release|Any CPU.ActiveCfg = Release|Any CPU
		{80FF4F77-006F-47B1-9877-622346E0DC4C}.Release|Any CPU.Build.0 = Release|Any CPU
		{80FF4F77-006F-47B1-9877-622346E0DC4C}.Release|x64.ActiveCfg = Release|Any CPU
		{80FF4F77-006F-47B1-9877-622346E0DC4C}.Release|x64.Build.0 = Release|Any CPU
		{80FF4F77-006F-47B1-9877-622346E0DC4C}.Release|x86.ActiveCfg = Release|Any CPU
		{80FF4F77-006F-47B1-9877-622346E0DC4C}.Release|x86.Build.0 = Release|Any CPU
		{1589E5E3-7D29-4302-9FD3-6B66E19FF6F8}.Debug|Any CPU.ActiveCfg = Debug|Any CPU
		{1589E5E3-7D29-4302-9FD3-6B66E19FF6F8}.Debug|Any CPU.Build.0 = Debug|Any CPU
		{1589E5E3-7D29-4302-9FD3-6B66E19FF6F8}.Debug|x64.ActiveCfg = Debug|Any CPU
		{1589E5E3-7D29-4302-9FD3-6B66E19FF6F8}.Debug|x64.Build.0 = Debug|Any CPU
		{1589E5E3-7D29-4302-9FD3-6B66E19FF6F8}.Debug|x86.ActiveCfg = Debug|Any CPU
		{1589E5E3-7D29-4302-9FD3-6B66E19FF6F8}.Debug|x86.Build.0 = Debug|Any CPU
		{1589E5E3-7D29-4302-9FD3-6B66E19FF6F8}.Release|Any CPU.ActiveCfg = Release|Any CPU
		{1589E5E3-7D29-4302-9FD3-6B66E19FF6F8}.Release|Any CPU.Build.0 = Release|Any CPU
		{1589E5E3-7D29-4302-9FD3-6B66E19FF6F8}.Release|x64.ActiveCfg = Release|Any CPU
		{1589E5E3-7D29-4302-9FD3-6B66E19FF6F8}.Release|x64.Build.0 = Release|Any CPU
		{1589E5E3-7D29-4302-9FD3-6B66E19FF6F8}.Release|x86.ActiveCfg = Release|Any CPU
		{1589E5E3-7D29-4302-9FD3-6B66E19FF6F8}.Release|x86.Build.0 = Release|Any CPU
		{8B6D45C2-80B9-4ADD-A888-D2EA45CA7AC3}.Debug|Any CPU.ActiveCfg = Debug|Any CPU
		{8B6D45C2-80B9-4ADD-A888-D2EA45CA7AC3}.Debug|Any CPU.Build.0 = Debug|Any CPU
		{8B6D45C2-80B9-4ADD-A888-D2EA45CA7AC3}.Debug|x64.ActiveCfg = Debug|Any CPU
		{8B6D45C2-80B9-4ADD-A888-D2EA45CA7AC3}.Debug|x64.Build.0 = Debug|Any CPU
		{8B6D45C2-80B9-4ADD-A888-D2EA45CA7AC3}.Debug|x86.ActiveCfg = Debug|Any CPU
		{8B6D45C2-80B9-4ADD-A888-D2EA45CA7AC3}.Debug|x86.Build.0 = Debug|Any CPU
		{8B6D45C2-80B9-4ADD-A888-D2EA45CA7AC3}.Release|Any CPU.ActiveCfg = Release|Any CPU
		{8B6D45C2-80B9-4ADD-A888-D2EA45CA7AC3}.Release|Any CPU.Build.0 = Release|Any CPU
		{8B6D45C2-80B9-4ADD-A888-D2EA45CA7AC3}.Release|x64.ActiveCfg = Release|Any CPU
		{8B6D45C2-80B9-4ADD-A888-D2EA45CA7AC3}.Release|x64.Build.0 = Release|Any CPU
		{8B6D45C2-80B9-4ADD-A888-D2EA45CA7AC3}.Release|x86.ActiveCfg = Release|Any CPU
		{8B6D45C2-80B9-4ADD-A888-D2EA45CA7AC3}.Release|x86.Build.0 = Release|Any CPU
	EndGlobalSection
	GlobalSection(SolutionProperties) = preSolution
		HideSolutionNode = FALSE
	EndGlobalSection
	GlobalSection(NestedProjects) = preSolution
		{FCE3B4C3-F6CE-4CA7-A1B2-CF1E39CE3449} = {827E0CD3-B72D-47B6-A68D-7590B98EB39B}
		{364E802F-7997-430C-834B-D4A98EBB96CB} = {827E0CD3-B72D-47B6-A68D-7590B98EB39B}
		{EDB17ADB-9E90-41A9-BF47-807A60E5D65C} = {827E0CD3-B72D-47B6-A68D-7590B98EB39B}
		{B486136C-0846-4702-B768-5B611F54BE28} = {827E0CD3-B72D-47B6-A68D-7590B98EB39B}
		{A234FD7C-CA62-4FED-A2A0-4F4706D4B5BF} = {0AB3BF05-4346-4AA6-1389-037BE0695223}
		{80FF4F77-006F-47B1-9877-622346E0DC4C} = {0AB3BF05-4346-4AA6-1389-037BE0695223}
		{1589E5E3-7D29-4302-9FD3-6B66E19FF6F8} = {0AB3BF05-4346-4AA6-1389-037BE0695223}
		{8B6D45C2-80B9-4ADD-A888-D2EA45CA7AC3} = {0AB3BF05-4346-4AA6-1389-037BE0695223}
	EndGlobalSection
EndGlobal
